// !$*UTF8*$!
{
	archiveVersion = 1;
	classes = {
	};
	objectVersion = 46;
	objects = {

/* Begin PBXBuildFile section */
		3C0EE62218C0406F00727E3E /* Foundation.framework in Frameworks */ = {isa = PBXBuildFile; fileRef = 3C0EE62118C0406F00727E3E /* Foundation.framework */; };
		3C0EE78E18C04BC800727E3E /* SystemConfiguration.framework in Frameworks */ = {isa = PBXBuildFile; fileRef = 3C0EE78D18C04BC800727E3E /* SystemConfiguration.framework */; };
		3C0EE79018C04BCE00727E3E /* Security.framework in Frameworks */ = {isa = PBXBuildFile; fileRef = 3C0EE78F18C04BCE00727E3E /* Security.framework */; };
		3C0EE7B218C04C5000727E3E /* MapKit.framework in Frameworks */ = {isa = PBXBuildFile; fileRef = 3C0EE7B118C04C4F00727E3E /* MapKit.framework */; };
		3C0EE7BB18C04C7000727E3E /* libiconv.dylib in Frameworks */ = {isa = PBXBuildFile; fileRef = 3C0EE7B918C04C7000727E3E /* libiconv.dylib */; };
		3C0EE7BC18C04C7000727E3E /* libicucore.dylib in Frameworks */ = {isa = PBXBuildFile; fileRef = 3C0EE7BA18C04C7000727E3E /* libicucore.dylib */; };
		3C0EE7BE18C04C7600727E3E /* libz.dylib in Frameworks */ = {isa = PBXBuildFile; fileRef = 3C0EE7BD18C04C7600727E3E /* libz.dylib */; };
		3C0EE7C018C04C7C00727E3E /* libsqlite3.dylib in Frameworks */ = {isa = PBXBuildFile; fileRef = 3C0EE7BF18C04C7C00727E3E /* libsqlite3.dylib */; };
		3C0EE7C218C04C8300727E3E /* libstdc++.dylib in Frameworks */ = {isa = PBXBuildFile; fileRef = 3C0EE7C118C04C8300727E3E /* libstdc++.dylib */; };
		3C0EE7C418C04C8900727E3E /* UIKit.framework in Frameworks */ = {isa = PBXBuildFile; fileRef = 3C0EE7C318C04C8900727E3E /* UIKit.framework */; };
		3C0EE7C618C04E6300727E3E /* AudioToolbox.framework in Frameworks */ = {isa = PBXBuildFile; fileRef = 3C0EE7C518C04E6300727E3E /* AudioToolbox.framework */; };
		3CAFE1FE18C064A8002BF413 /* CoreTelephony.framework in Frameworks */ = {isa = PBXBuildFile; fileRef = 3CAFE1FD18C064A8002BF413 /* CoreTelephony.framework */; };
		3CAFE20018C064C9002BF413 /* MobileCoreServices.framework in Frameworks */ = {isa = PBXBuildFile; fileRef = 3CAFE1FF18C064C9002BF413 /* MobileCoreServices.framework */; };
		3CAFE25718C06587002BF413 /* EUExBaiduMap.mm in Sources */ = {isa = PBXBuildFile; fileRef = 3CAFE20718C06587002BF413 /* EUExBaiduMap.mm */; settings = {COMPILER_FLAGS = "-fno-objc-arc"; }; };
		3CAFE25918C06587002BF413 /* BMKAnnotationView+WebCache.m in Sources */ = {isa = PBXBuildFile; fileRef = 3CAFE22B18C06587002BF413 /* BMKAnnotationView+WebCache.m */; };
		3CAFE25A18C06587002BF413 /* GTMBase64.m in Sources */ = {isa = PBXBuildFile; fileRef = 3CAFE22F18C06587002BF413 /* GTMBase64.m */; settings = {COMPILER_FLAGS = "-fno-objc-arc"; }; };
		3CAFE25B18C06587002BF413 /* KYBubbleView.m in Sources */ = {isa = PBXBuildFile; fileRef = 3CAFE23A18C06587002BF413 /* KYBubbleView.m */; settings = {COMPILER_FLAGS = "-fno-objc-arc"; }; };
		3CAFE25C18C06587002BF413 /* MyAnnotationPoint.m in Sources */ = {isa = PBXBuildFile; fileRef = 3CAFE23D18C06587002BF413 /* MyAnnotationPoint.m */; settings = {COMPILER_FLAGS = "-fno-objc-arc"; }; };
		3CAFE25D18C06587002BF413 /* NBMKCircleView.m in Sources */ = {isa = PBXBuildFile; fileRef = 3CAFE23F18C06587002BF413 /* NBMKCircleView.m */; settings = {COMPILER_FLAGS = "-fno-objc-arc"; }; };
		3CAFE25E18C06587002BF413 /* NBMKPolygonView.m in Sources */ = {isa = PBXBuildFile; fileRef = 3CAFE24118C06587002BF413 /* NBMKPolygonView.m */; settings = {COMPILER_FLAGS = "-fno-objc-arc"; }; };
		3CAFE25F18C06587002BF413 /* NBMKPolylineView.m in Sources */ = {isa = PBXBuildFile; fileRef = 3CAFE24318C06587002BF413 /* NBMKPolylineView.m */; settings = {COMPILER_FLAGS = "-fno-objc-arc"; }; };
		3CAFE26018C06587002BF413 /* NKBMKOverlayView.m in Sources */ = {isa = PBXBuildFile; fileRef = 3CAFE24518C06587002BF413 /* NKBMKOverlayView.m */; settings = {COMPILER_FLAGS = "-fno-objc-arc"; }; };
		3CAFE26118C06587002BF413 /* RouteAnnotation.m in Sources */ = {isa = PBXBuildFile; fileRef = 3CAFE24718C06587002BF413 /* RouteAnnotation.m */; settings = {COMPILER_FLAGS = "-fno-objc-arc"; }; };
		3CAFE26218C06587002BF413 /* UIImage+InternalMethod.m in Sources */ = {isa = PBXBuildFile; fileRef = 3CAFE25618C06587002BF413 /* UIImage+InternalMethod.m */; };
		3CAFE26418C0659D002BF413 /* libAppCanEngine_IOS.a in Frameworks */ = {isa = PBXBuildFile; fileRef = 3CAFE26318C0659D002BF413 /* libAppCanEngine_IOS.a */; };
		3CAFE26618C066EF002BF413 /* libbaidumapapi.a in Frameworks */ = {isa = PBXBuildFile; fileRef = 3CAFE26518C066EF002BF413 /* libbaidumapapi.a */; };
		FC665F9E18E55B650021254F /* SuggestionSearchObj.m in Sources */ = {isa = PBXBuildFile; fileRef = FC665F9D18E55B650021254F /* SuggestionSearchObj.m */; };
/* End PBXBuildFile section */

/* Begin PBXCopyFilesBuildPhase section */
		3C0EE61C18C0406F00727E3E /* CopyFiles */ = {
			isa = PBXCopyFilesBuildPhase;
			buildActionMask = 2147483647;
			dstPath = "include/$(PRODUCT_NAME)";
			dstSubfolderSpec = 16;
			files = (
			);
			runOnlyForDeploymentPostprocessing = 0;
		};
/* End PBXCopyFilesBuildPhase section */

/* Begin PBXFileReference section */
		3C0EE61E18C0406F00727E3E /* uexBaiduMap.dylib */ = {isa = PBXFileReference; explicitFileType = "compiled.mach-o.dylib"; includeInIndex = 0; path = uexBaiduMap.dylib; sourceTree = BUILT_PRODUCTS_DIR; };
		3C0EE62118C0406F00727E3E /* Foundation.framework */ = {isa = PBXFileReference; lastKnownFileType = wrapper.framework; name = Foundation.framework; path = System/Library/Frameworks/Foundation.framework; sourceTree = SDKROOT; };
		3C0EE78D18C04BC800727E3E /* SystemConfiguration.framework */ = {isa = PBXFileReference; lastKnownFileType = wrapper.framework; name = SystemConfiguration.framework; path = System/Library/Frameworks/SystemConfiguration.framework; sourceTree = SDKROOT; };
		3C0EE78F18C04BCE00727E3E /* Security.framework */ = {isa = PBXFileReference; lastKnownFileType = wrapper.framework; name = Security.framework; path = System/Library/Frameworks/Security.framework; sourceTree = SDKROOT; };
		3C0EE7B118C04C4F00727E3E /* MapKit.framework */ = {isa = PBXFileReference; lastKnownFileType = wrapper.framework; name = MapKit.framework; path = System/Library/Frameworks/MapKit.framework; sourceTree = SDKROOT; };
		3C0EE7B918C04C7000727E3E /* libiconv.dylib */ = {isa = PBXFileReference; lastKnownFileType = "compiled.mach-o.dylib"; name = libiconv.dylib; path = usr/lib/libiconv.dylib; sourceTree = SDKROOT; };
		3C0EE7BA18C04C7000727E3E /* libicucore.dylib */ = {isa = PBXFileReference; lastKnownFileType = "compiled.mach-o.dylib"; name = libicucore.dylib; path = usr/lib/libicucore.dylib; sourceTree = SDKROOT; };
		3C0EE7BD18C04C7600727E3E /* libz.dylib */ = {isa = PBXFileReference; lastKnownFileType = "compiled.mach-o.dylib"; name = libz.dylib; path = usr/lib/libz.dylib; sourceTree = SDKROOT; };
		3C0EE7BF18C04C7C00727E3E /* libsqlite3.dylib */ = {isa = PBXFileReference; lastKnownFileType = "compiled.mach-o.dylib"; name = libsqlite3.dylib; path = usr/lib/libsqlite3.dylib; sourceTree = SDKROOT; };
		3C0EE7C118C04C8300727E3E /* libstdc++.dylib */ = {isa = PBXFileReference; lastKnownFileType = "compiled.mach-o.dylib"; name = "libstdc++.dylib"; path = "usr/lib/libstdc++.dylib"; sourceTree = SDKROOT; };
		3C0EE7C318C04C8900727E3E /* UIKit.framework */ = {isa = PBXFileReference; lastKnownFileType = wrapper.framework; name = UIKit.framework; path = System/Library/Frameworks/UIKit.framework; sourceTree = SDKROOT; };
		3C0EE7C518C04E6300727E3E /* AudioToolbox.framework */ = {isa = PBXFileReference; lastKnownFileType = wrapper.framework; name = AudioToolbox.framework; path = System/Library/Frameworks/AudioToolbox.framework; sourceTree = SDKROOT; };
		3CAFE1FD18C064A8002BF413 /* CoreTelephony.framework */ = {isa = PBXFileReference; lastKnownFileType = wrapper.framework; name = CoreTelephony.framework; path = System/Library/Frameworks/CoreTelephony.framework; sourceTree = SDKROOT; };
		3CAFE1FF18C064C9002BF413 /* MobileCoreServices.framework */ = {isa = PBXFileReference; lastKnownFileType = wrapper.framework; name = MobileCoreServices.framework; path = System/Library/Frameworks/MobileCoreServices.framework; sourceTree = SDKROOT; };
		3CAFE20218C06587002BF413 /* EUExBase.h */ = {isa = PBXFileReference; fileEncoding = 4; lastKnownFileType = sourcecode.c.h; path = EUExBase.h; sourceTree = "<group>"; };
		3CAFE20318C06587002BF413 /* EUExBaseDefine.h */ = {isa = PBXFileReference; fileEncoding = 4; lastKnownFileType = sourcecode.c.h; path = EUExBaseDefine.h; sourceTree = "<group>"; };
		3CAFE20418C06587002BF413 /* EUtility.h */ = {isa = PBXFileReference; fileEncoding = 4; lastKnownFileType = sourcecode.c.h; path = EUtility.h; sourceTree = "<group>"; };
		3CAFE20518C06587002BF413 /* EUExBaiduMap-Prefix.pch */ = {isa = PBXFileReference; fileEncoding = 4; lastKnownFileType = sourcecode.c.h; name = "EUExBaiduMap-Prefix.pch"; path = "EUExBaiduMap/EUExBaiduMap-Prefix.pch"; sourceTree = SOURCE_ROOT; };
		3CAFE20618C06587002BF413 /* EUExBaiduMap.h */ = {isa = PBXFileReference; fileEncoding = 4; lastKnownFileType = sourcecode.c.h; name = EUExBaiduMap.h; path = EUExBaiduMap/EUExBaiduMap.h; sourceTree = SOURCE_ROOT; };
		3CAFE20718C06587002BF413 /* EUExBaiduMap.mm */ = {isa = PBXFileReference; fileEncoding = 4; lastKnownFileType = sourcecode.cpp.objcpp; name = EUExBaiduMap.mm; path = EUExBaiduMap/EUExBaiduMap.mm; sourceTree = SOURCE_ROOT; };
		3CAFE20B18C06587002BF413 /* BMapKit.h */ = {isa = PBXFileReference; fileEncoding = 4; lastKnownFileType = sourcecode.c.h; path = BMapKit.h; sourceTree = "<group>"; };
		3CAFE20C18C06587002BF413 /* BMKAnnotation.h */ = {isa = PBXFileReference; fileEncoding = 4; lastKnownFileType = sourcecode.c.h; path = BMKAnnotation.h; sourceTree = "<group>"; };
		3CAFE20D18C06587002BF413 /* BMKAnnotationView.h */ = {isa = PBXFileReference; fileEncoding = 4; lastKnownFileType = sourcecode.c.h; path = BMKAnnotationView.h; sourceTree = "<group>"; };
		3CAFE20E18C06587002BF413 /* BMKCircle.h */ = {isa = PBXFileReference; fileEncoding = 4; lastKnownFileType = sourcecode.c.h; path = BMKCircle.h; sourceTree = "<group>"; };
		3CAFE20F18C06587002BF413 /* BMKCircleView.h */ = {isa = PBXFileReference; fileEncoding = 4; lastKnownFileType = sourcecode.c.h; path = BMKCircleView.h; sourceTree = "<group>"; };
		3CAFE21018C06587002BF413 /* BMKGeneralDelegate.h */ = {isa = PBXFileReference; fileEncoding = 4; lastKnownFileType = sourcecode.c.h; path = BMKGeneralDelegate.h; sourceTree = "<group>"; };
		3CAFE21118C06587002BF413 /* BMKGeocodeType.h */ = {isa = PBXFileReference; fileEncoding = 4; lastKnownFileType = sourcecode.c.h; path = BMKGeocodeType.h; sourceTree = "<group>"; };
		3CAFE21218C06587002BF413 /* BMKGeometry.h */ = {isa = PBXFileReference; fileEncoding = 4; lastKnownFileType = sourcecode.c.h; path = BMKGeometry.h; sourceTree = "<group>"; };
		3CAFE21318C06587002BF413 /* BMKMapManager.h */ = {isa = PBXFileReference; fileEncoding = 4; lastKnownFileType = sourcecode.c.h; path = BMKMapManager.h; sourceTree = "<group>"; };
		3CAFE21418C06587002BF413 /* BMKMapView.h */ = {isa = PBXFileReference; fileEncoding = 4; lastKnownFileType = sourcecode.c.h; path = BMKMapView.h; sourceTree = "<group>"; };
		3CAFE21518C06587002BF413 /* BMKMultiPoint.h */ = {isa = PBXFileReference; fileEncoding = 4; lastKnownFileType = sourcecode.c.h; path = BMKMultiPoint.h; sourceTree = "<group>"; };
		3CAFE21618C06587002BF413 /* BMKOfflineMap.h */ = {isa = PBXFileReference; fileEncoding = 4; lastKnownFileType = sourcecode.c.h; path = BMKOfflineMap.h; sourceTree = "<group>"; };
		3CAFE21718C06587002BF413 /* BMKOfflineMapType.h */ = {isa = PBXFileReference; fileEncoding = 4; lastKnownFileType = sourcecode.c.h; path = BMKOfflineMapType.h; sourceTree = "<group>"; };
		3CAFE21818C06587002BF413 /* BMKOverlay.h */ = {isa = PBXFileReference; fileEncoding = 4; lastKnownFileType = sourcecode.c.h; path = BMKOverlay.h; sourceTree = "<group>"; };
		3CAFE21918C06587002BF413 /* BMKOverlayPathView.h */ = {isa = PBXFileReference; fileEncoding = 4; lastKnownFileType = sourcecode.c.h; path = BMKOverlayPathView.h; sourceTree = "<group>"; };
		3CAFE21A18C06587002BF413 /* BMKOverlayView.h */ = {isa = PBXFileReference; fileEncoding = 4; lastKnownFileType = sourcecode.c.h; path = BMKOverlayView.h; sourceTree = "<group>"; };
		3CAFE21B18C06587002BF413 /* BMKPinAnnotationView.h */ = {isa = PBXFileReference; fileEncoding = 4; lastKnownFileType = sourcecode.c.h; path = BMKPinAnnotationView.h; sourceTree = "<group>"; };
		3CAFE21C18C06587002BF413 /* BMKPointAnnotation.h */ = {isa = PBXFileReference; fileEncoding = 4; lastKnownFileType = sourcecode.c.h; path = BMKPointAnnotation.h; sourceTree = "<group>"; };
		3CAFE21D18C06587002BF413 /* BMKPoiSearchType.h */ = {isa = PBXFileReference; fileEncoding = 4; lastKnownFileType = sourcecode.c.h; path = BMKPoiSearchType.h; sourceTree = "<group>"; };
		3CAFE21E18C06587002BF413 /* BMKPolygon.h */ = {isa = PBXFileReference; fileEncoding = 4; lastKnownFileType = sourcecode.c.h; path = BMKPolygon.h; sourceTree = "<group>"; };
		3CAFE21F18C06587002BF413 /* BMKPolygonView.h */ = {isa = PBXFileReference; fileEncoding = 4; lastKnownFileType = sourcecode.c.h; path = BMKPolygonView.h; sourceTree = "<group>"; };
		3CAFE22018C06587002BF413 /* BMKPolyline.h */ = {isa = PBXFileReference; fileEncoding = 4; lastKnownFileType = sourcecode.c.h; path = BMKPolyline.h; sourceTree = "<group>"; };
		3CAFE22118C06587002BF413 /* BMKPolylineView.h */ = {isa = PBXFileReference; fileEncoding = 4; lastKnownFileType = sourcecode.c.h; path = BMKPolylineView.h; sourceTree = "<group>"; };
		3CAFE22218C06587002BF413 /* BMKRouteSearchType.h */ = {isa = PBXFileReference; fileEncoding = 4; lastKnownFileType = sourcecode.c.h; path = BMKRouteSearchType.h; sourceTree = "<group>"; };
		3CAFE22318C06587002BF413 /* BMKSearch.h */ = {isa = PBXFileReference; fileEncoding = 4; lastKnownFileType = sourcecode.c.h; path = BMKSearch.h; sourceTree = "<group>"; };
		3CAFE22418C06587002BF413 /* BMKShape.h */ = {isa = PBXFileReference; fileEncoding = 4; lastKnownFileType = sourcecode.c.h; path = BMKShape.h; sourceTree = "<group>"; };
		3CAFE22518C06587002BF413 /* BMKTypes.h */ = {isa = PBXFileReference; fileEncoding = 4; lastKnownFileType = sourcecode.c.h; path = BMKTypes.h; sourceTree = "<group>"; };
		3CAFE22618C06587002BF413 /* BMKUserLocation.h */ = {isa = PBXFileReference; fileEncoding = 4; lastKnownFileType = sourcecode.c.h; path = BMKUserLocation.h; sourceTree = "<group>"; };
		3CAFE22718C06587002BF413 /* BMKVersion.h */ = {isa = PBXFileReference; fileEncoding = 4; lastKnownFileType = sourcecode.c.h; path = BMKVersion.h; sourceTree = "<group>"; };
		3CAFE22918C06587002BF413 /* mapapi.bundle */ = {isa = PBXFileReference; lastKnownFileType = "wrapper.plug-in"; path = mapapi.bundle; sourceTree = "<group>"; };
		3CAFE22A18C06587002BF413 /* BMKAnnotationView+WebCache.h */ = {isa = PBXFileReference; fileEncoding = 4; lastKnownFileType = sourcecode.c.h; path = "BMKAnnotationView+WebCache.h"; sourceTree = "<group>"; };
		3CAFE22B18C06587002BF413 /* BMKAnnotationView+WebCache.m */ = {isa = PBXFileReference; fileEncoding = 4; lastKnownFileType = sourcecode.c.objc; path = "BMKAnnotationView+WebCache.m"; sourceTree = "<group>"; };
		3CAFE22C18C06587002BF413 /* EUExBaiduMap-Prefix.pch */ = {isa = PBXFileReference; fileEncoding = 4; lastKnownFileType = sourcecode.c.h; path = "EUExBaiduMap-Prefix.pch"; sourceTree = "<group>"; };
		3CAFE22E18C06587002BF413 /* GTMBase64.h */ = {isa = PBXFileReference; fileEncoding = 4; lastKnownFileType = sourcecode.c.h; path = GTMBase64.h; sourceTree = "<group>"; };
		3CAFE22F18C06587002BF413 /* GTMBase64.m */ = {isa = PBXFileReference; fileEncoding = 4; lastKnownFileType = sourcecode.c.objc; path = GTMBase64.m; sourceTree = "<group>"; };
		3CAFE23018C06587002BF413 /* GTMDefines.h */ = {isa = PBXFileReference; fileEncoding = 4; lastKnownFileType = sourcecode.c.h; path = GTMDefines.h; sourceTree = "<group>"; };
		3CAFE23218C06587002BF413 /* JSON.h */ = {isa = PBXFileReference; fileEncoding = 4; lastKnownFileType = sourcecode.c.h; path = JSON.h; sourceTree = "<group>"; };
		3CAFE23318C06587002BF413 /* NSObject+SBJSON.h */ = {isa = PBXFileReference; fileEncoding = 4; lastKnownFileType = sourcecode.c.h; path = "NSObject+SBJSON.h"; sourceTree = "<group>"; };
		3CAFE23418C06587002BF413 /* NSString+SBJSON.h */ = {isa = PBXFileReference; fileEncoding = 4; lastKnownFileType = sourcecode.c.h; path = "NSString+SBJSON.h"; sourceTree = "<group>"; };
		3CAFE23518C06587002BF413 /* SBJSON.h */ = {isa = PBXFileReference; fileEncoding = 4; lastKnownFileType = sourcecode.c.h; path = SBJSON.h; sourceTree = "<group>"; };
		3CAFE23618C06587002BF413 /* SBJsonBase.h */ = {isa = PBXFileReference; fileEncoding = 4; lastKnownFileType = sourcecode.c.h; path = SBJsonBase.h; sourceTree = "<group>"; };
		3CAFE23718C06587002BF413 /* SBJsonParser.h */ = {isa = PBXFileReference; fileEncoding = 4; lastKnownFileType = sourcecode.c.h; path = SBJsonParser.h; sourceTree = "<group>"; };
		3CAFE23818C06587002BF413 /* SBJsonWriter.h */ = {isa = PBXFileReference; fileEncoding = 4; lastKnownFileType = sourcecode.c.h; path = SBJsonWriter.h; sourceTree = "<group>"; };
		3CAFE23918C06587002BF413 /* KYBubbleView.h */ = {isa = PBXFileReference; fileEncoding = 4; lastKnownFileType = sourcecode.c.h; path = KYBubbleView.h; sourceTree = "<group>"; };
		3CAFE23A18C06587002BF413 /* KYBubbleView.m */ = {isa = PBXFileReference; fileEncoding = 4; lastKnownFileType = sourcecode.c.objc; path = KYBubbleView.m; sourceTree = "<group>"; };
		3CAFE23B18C06587002BF413 /* makeNextDelegate.h */ = {isa = PBXFileReference; fileEncoding = 4; lastKnownFileType = sourcecode.c.h; path = makeNextDelegate.h; sourceTree = "<group>"; };
		3CAFE23C18C06587002BF413 /* MyAnnotationPoint.h */ = {isa = PBXFileReference; fileEncoding = 4; lastKnownFileType = sourcecode.c.h; path = MyAnnotationPoint.h; sourceTree = "<group>"; };
		3CAFE23D18C06587002BF413 /* MyAnnotationPoint.m */ = {isa = PBXFileReference; fileEncoding = 4; lastKnownFileType = sourcecode.c.objc; path = MyAnnotationPoint.m; sourceTree = "<group>"; };
		3CAFE23E18C06587002BF413 /* NBMKCircleView.h */ = {isa = PBXFileReference; fileEncoding = 4; lastKnownFileType = sourcecode.c.h; path = NBMKCircleView.h; sourceTree = "<group>"; };
		3CAFE23F18C06587002BF413 /* NBMKCircleView.m */ = {isa = PBXFileReference; fileEncoding = 4; lastKnownFileType = sourcecode.c.objc; path = NBMKCircleView.m; sourceTree = "<group>"; };
		3CAFE24018C06587002BF413 /* NBMKPolygonView.h */ = {isa = PBXFileReference; fileEncoding = 4; lastKnownFileType = sourcecode.c.h; path = NBMKPolygonView.h; sourceTree = "<group>"; };
		3CAFE24118C06587002BF413 /* NBMKPolygonView.m */ = {isa = PBXFileReference; fileEncoding = 4; lastKnownFileType = sourcecode.c.objc; path = NBMKPolygonView.m; sourceTree = "<group>"; };
		3CAFE24218C06587002BF413 /* NBMKPolylineView.h */ = {isa = PBXFileReference; fileEncoding = 4; lastKnownFileType = sourcecode.c.h; path = NBMKPolylineView.h; sourceTree = "<group>"; };
		3CAFE24318C06587002BF413 /* NBMKPolylineView.m */ = {isa = PBXFileReference; fileEncoding = 4; lastKnownFileType = sourcecode.c.objc; path = NBMKPolylineView.m; sourceTree = "<group>"; };
		3CAFE24418C06587002BF413 /* NKBMKOverlayView.h */ = {isa = PBXFileReference; fileEncoding = 4; lastKnownFileType = sourcecode.c.h; path = NKBMKOverlayView.h; sourceTree = "<group>"; };
		3CAFE24518C06587002BF413 /* NKBMKOverlayView.m */ = {isa = PBXFileReference; fileEncoding = 4; lastKnownFileType = sourcecode.c.objc; path = NKBMKOverlayView.m; sourceTree = "<group>"; };
		3CAFE24618C06587002BF413 /* RouteAnnotation.h */ = {isa = PBXFileReference; fileEncoding = 4; lastKnownFileType = sourcecode.c.h; path = RouteAnnotation.h; sourceTree = "<group>"; };
		3CAFE24718C06587002BF413 /* RouteAnnotation.m */ = {isa = PBXFileReference; fileEncoding = 4; lastKnownFileType = sourcecode.c.objc; path = RouteAnnotation.m; sourceTree = "<group>"; };
		3CAFE24918C06587002BF413 /* MKAnnotationView+WebCache.h */ = {isa = PBXFileReference; fileEncoding = 4; lastKnownFileType = sourcecode.c.h; path = "MKAnnotationView+WebCache.h"; sourceTree = "<group>"; };
		3CAFE24A18C06587002BF413 /* SDImageCache.h */ = {isa = PBXFileReference; fileEncoding = 4; lastKnownFileType = sourcecode.c.h; path = SDImageCache.h; sourceTree = "<group>"; };
		3CAFE24B18C06587002BF413 /* SDImageCacheDelegate.h */ = {isa = PBXFileReference; fileEncoding = 4; lastKnownFileType = sourcecode.c.h; path = SDImageCacheDelegate.h; sourceTree = "<group>"; };
		3CAFE24C18C06587002BF413 /* SDWebImageCompat.h */ = {isa = PBXFileReference; fileEncoding = 4; lastKnownFileType = sourcecode.c.h; path = SDWebImageCompat.h; sourceTree = "<group>"; };
		3CAFE24D18C06587002BF413 /* SDWebImageDecoder.h */ = {isa = PBXFileReference; fileEncoding = 4; lastKnownFileType = sourcecode.c.h; path = SDWebImageDecoder.h; sourceTree = "<group>"; };
		3CAFE24E18C06587002BF413 /* SDWebImageDownloader.h */ = {isa = PBXFileReference; fileEncoding = 4; lastKnownFileType = sourcecode.c.h; path = SDWebImageDownloader.h; sourceTree = "<group>"; };
		3CAFE24F18C06587002BF413 /* SDWebImageDownloaderDelegate.h */ = {isa = PBXFileReference; fileEncoding = 4; lastKnownFileType = sourcecode.c.h; path = SDWebImageDownloaderDelegate.h; sourceTree = "<group>"; };
		3CAFE25018C06587002BF413 /* SDWebImageManager.h */ = {isa = PBXFileReference; fileEncoding = 4; lastKnownFileType = sourcecode.c.h; path = SDWebImageManager.h; sourceTree = "<group>"; };
		3CAFE25118C06587002BF413 /* SDWebImageManagerDelegate.h */ = {isa = PBXFileReference; fileEncoding = 4; lastKnownFileType = sourcecode.c.h; path = SDWebImageManagerDelegate.h; sourceTree = "<group>"; };
		3CAFE25218C06587002BF413 /* SDWebImagePrefetcher.h */ = {isa = PBXFileReference; fileEncoding = 4; lastKnownFileType = sourcecode.c.h; path = SDWebImagePrefetcher.h; sourceTree = "<group>"; };
		3CAFE25318C06587002BF413 /* UIButton+WebCache.h */ = {isa = PBXFileReference; fileEncoding = 4; lastKnownFileType = sourcecode.c.h; path = "UIButton+WebCache.h"; sourceTree = "<group>"; };
		3CAFE25418C06587002BF413 /* UIImageView+WebCache.h */ = {isa = PBXFileReference; fileEncoding = 4; lastKnownFileType = sourcecode.c.h; path = "UIImageView+WebCache.h"; sourceTree = "<group>"; };
		3CAFE25518C06587002BF413 /* UIImage+InternalMethod.h */ = {isa = PBXFileReference; fileEncoding = 4; lastKnownFileType = sourcecode.c.h; path = "UIImage+InternalMethod.h"; sourceTree = "<group>"; };
		3CAFE25618C06587002BF413 /* UIImage+InternalMethod.m */ = {isa = PBXFileReference; fileEncoding = 4; lastKnownFileType = sourcecode.c.objc; path = "UIImage+InternalMethod.m"; sourceTree = "<group>"; };
		3CAFE26318C0659D002BF413 /* libAppCanEngine_IOS.a */ = {isa = PBXFileReference; lastKnownFileType = archive.ar; name = libAppCanEngine_IOS.a; path = ../libAppCanEngine_IOS.a; sourceTree = "<group>"; };
		3CAFE26518C066EF002BF413 /* libbaidumapapi.a */ = {isa = PBXFileReference; lastKnownFileType = archive.ar; path = libbaidumapapi.a; sourceTree = "<group>"; };
		FC665F9C18E55B650021254F /* SuggestionSearchObj.h */ = {isa = PBXFileReference; fileEncoding = 4; lastKnownFileType = sourcecode.c.h; path = SuggestionSearchObj.h; sourceTree = "<group>"; };
		FC665F9D18E55B650021254F /* SuggestionSearchObj.m */ = {isa = PBXFileReference; fileEncoding = 4; lastKnownFileType = sourcecode.c.objc; path = SuggestionSearchObj.m; sourceTree = "<group>"; };
/* End PBXFileReference section */

/* Begin PBXFrameworksBuildPhase section */
		3C0EE61B18C0406F00727E3E /* Frameworks */ = {
			isa = PBXFrameworksBuildPhase;
			buildActionMask = 2147483647;
			files = (
				3CAFE20018C064C9002BF413 /* MobileCoreServices.framework in Frameworks */,
				3CAFE1FE18C064A8002BF413 /* CoreTelephony.framework in Frameworks */,
				3C0EE7C618C04E6300727E3E /* AudioToolbox.framework in Frameworks */,
				3C0EE62218C0406F00727E3E /* Foundation.framework in Frameworks */,
				3C0EE7C418C04C8900727E3E /* UIKit.framework in Frameworks */,
				3C0EE7C218C04C8300727E3E /* libstdc++.dylib in Frameworks */,
				3C0EE7C018C04C7C00727E3E /* libsqlite3.dylib in Frameworks */,
				3CAFE26618C066EF002BF413 /* libbaidumapapi.a in Frameworks */,
				3C0EE7BE18C04C7600727E3E /* libz.dylib in Frameworks */,
				3C0EE7BB18C04C7000727E3E /* libiconv.dylib in Frameworks */,
				3CAFE26418C0659D002BF413 /* libAppCanEngine_IOS.a in Frameworks */,
				3C0EE7BC18C04C7000727E3E /* libicucore.dylib in Frameworks */,
				3C0EE7B218C04C5000727E3E /* MapKit.framework in Frameworks */,
				3C0EE79018C04BCE00727E3E /* Security.framework in Frameworks */,
				3C0EE78E18C04BC800727E3E /* SystemConfiguration.framework in Frameworks */,
			);
			runOnlyForDeploymentPostprocessing = 0;
		};
/* End PBXFrameworksBuildPhase section */

/* Begin PBXGroup section */
		3C0EE61518C0406F00727E3E = {
			isa = PBXGroup;
			children = (
				3C0EE62318C0406F00727E3E /* uexBaiduMap */,
				3C0EE62018C0406F00727E3E /* Frameworks */,
				3C0EE61F18C0406F00727E3E /* Products */,
			);
			sourceTree = "<group>";
		};
		3C0EE61F18C0406F00727E3E /* Products */ = {
			isa = PBXGroup;
			children = (
				3C0EE61E18C0406F00727E3E /* uexBaiduMap.dylib */,
			);
			name = Products;
			sourceTree = "<group>";
		};
		3C0EE62018C0406F00727E3E /* Frameworks */ = {
			isa = PBXGroup;
			children = (
				3CAFE26318C0659D002BF413 /* libAppCanEngine_IOS.a */,
				3CAFE1FF18C064C9002BF413 /* MobileCoreServices.framework */,
				3CAFE1FD18C064A8002BF413 /* CoreTelephony.framework */,
				3C0EE7C518C04E6300727E3E /* AudioToolbox.framework */,
				3C0EE7C318C04C8900727E3E /* UIKit.framework */,
				3C0EE7C118C04C8300727E3E /* libstdc++.dylib */,
				3C0EE7BF18C04C7C00727E3E /* libsqlite3.dylib */,
				3C0EE7BD18C04C7600727E3E /* libz.dylib */,
				3C0EE7B918C04C7000727E3E /* libiconv.dylib */,
				3C0EE7BA18C04C7000727E3E /* libicucore.dylib */,
				3C0EE7B118C04C4F00727E3E /* MapKit.framework */,
				3C0EE78F18C04BCE00727E3E /* Security.framework */,
				3C0EE78D18C04BC800727E3E /* SystemConfiguration.framework */,
				3C0EE62118C0406F00727E3E /* Foundation.framework */,
			);
			name = Frameworks;
			sourceTree = "<group>";
		};
		3C0EE62318C0406F00727E3E /* uexBaiduMap */ = {
			isa = PBXGroup;
			children = (
				3CAFE20118C06587002BF413 /* engineHeader */,
				3CAFE20518C06587002BF413 /* EUExBaiduMap-Prefix.pch */,
				3CAFE20618C06587002BF413 /* EUExBaiduMap.h */,
				3CAFE20718C06587002BF413 /* EUExBaiduMap.mm */,
				3CAFE20818C06587002BF413 /* sourceCode */,
			);
			path = uexBaiduMap;
			sourceTree = "<group>";
		};
		3CAFE20118C06587002BF413 /* engineHeader */ = {
			isa = PBXGroup;
			children = (
				3CAFE20218C06587002BF413 /* EUExBase.h */,
				3CAFE20318C06587002BF413 /* EUExBaseDefine.h */,
				3CAFE20418C06587002BF413 /* EUtility.h */,
			);
			name = engineHeader;
			path = EUExBaiduMap/engineHeader;
			sourceTree = SOURCE_ROOT;
		};
		3CAFE20818C06587002BF413 /* sourceCode */ = {
			isa = PBXGroup;
			children = (
				FC665F9C18E55B650021254F /* SuggestionSearchObj.h */,
				FC665F9D18E55B650021254F /* SuggestionSearchObj.m */,
				3CAFE20918C06587002BF413 /* BaiduSdk */,
				3CAFE22A18C06587002BF413 /* BMKAnnotationView+WebCache.h */,
				3CAFE22B18C06587002BF413 /* BMKAnnotationView+WebCache.m */,
				3CAFE22C18C06587002BF413 /* EUExBaiduMap-Prefix.pch */,
				3CAFE22D18C06587002BF413 /* gtmbase64 */,
				3CAFE23118C06587002BF413 /* JSON */,
				3CAFE23918C06587002BF413 /* KYBubbleView.h */,
				3CAFE23A18C06587002BF413 /* KYBubbleView.m */,
				3CAFE23B18C06587002BF413 /* makeNextDelegate.h */,
				3CAFE23C18C06587002BF413 /* MyAnnotationPoint.h */,
				3CAFE23D18C06587002BF413 /* MyAnnotationPoint.m */,
				3CAFE23E18C06587002BF413 /* NBMKCircleView.h */,
				3CAFE23F18C06587002BF413 /* NBMKCircleView.m */,
				3CAFE24018C06587002BF413 /* NBMKPolygonView.h */,
				3CAFE24118C06587002BF413 /* NBMKPolygonView.m */,
				3CAFE24218C06587002BF413 /* NBMKPolylineView.h */,
				3CAFE24318C06587002BF413 /* NBMKPolylineView.m */,
				3CAFE24418C06587002BF413 /* NKBMKOverlayView.h */,
				3CAFE24518C06587002BF413 /* NKBMKOverlayView.m */,
				3CAFE24618C06587002BF413 /* RouteAnnotation.h */,
				3CAFE24718C06587002BF413 /* RouteAnnotation.m */,
				3CAFE24818C06587002BF413 /* SDWebImage */,
				3CAFE25518C06587002BF413 /* UIImage+InternalMethod.h */,
				3CAFE25618C06587002BF413 /* UIImage+InternalMethod.m */,
			);
			name = sourceCode;
			path = EUExBaiduMap/sourceCode;
			sourceTree = SOURCE_ROOT;
		};
		3CAFE20918C06587002BF413 /* BaiduSdk */ = {
			isa = PBXGroup;
			children = (
				3CAFE26518C066EF002BF413 /* libbaidumapapi.a */,
				3CAFE20A18C06587002BF413 /* inc */,
				3CAFE22918C06587002BF413 /* mapapi.bundle */,
			);
			path = BaiduSdk;
			sourceTree = "<group>";
		};
		3CAFE20A18C06587002BF413 /* inc */ = {
			isa = PBXGroup;
			children = (
				3CAFE20B18C06587002BF413 /* BMapKit.h */,
				3CAFE20C18C06587002BF413 /* BMKAnnotation.h */,
				3CAFE20D18C06587002BF413 /* BMKAnnotationView.h */,
				3CAFE20E18C06587002BF413 /* BMKCircle.h */,
				3CAFE20F18C06587002BF413 /* BMKCircleView.h */,
				3CAFE21018C06587002BF413 /* BMKGeneralDelegate.h */,
				3CAFE21118C06587002BF413 /* BMKGeocodeType.h */,
				3CAFE21218C06587002BF413 /* BMKGeometry.h */,
				3CAFE21318C06587002BF413 /* BMKMapManager.h */,
				3CAFE21418C06587002BF413 /* BMKMapView.h */,
				3CAFE21518C06587002BF413 /* BMKMultiPoint.h */,
				3CAFE21618C06587002BF413 /* BMKOfflineMap.h */,
				3CAFE21718C06587002BF413 /* BMKOfflineMapType.h */,
				3CAFE21818C06587002BF413 /* BMKOverlay.h */,
				3CAFE21918C06587002BF413 /* BMKOverlayPathView.h */,
				3CAFE21A18C06587002BF413 /* BMKOverlayView.h */,
				3CAFE21B18C06587002BF413 /* BMKPinAnnotationView.h */,
				3CAFE21C18C06587002BF413 /* BMKPointAnnotation.h */,
				3CAFE21D18C06587002BF413 /* BMKPoiSearchType.h */,
				3CAFE21E18C06587002BF413 /* BMKPolygon.h */,
				3CAFE21F18C06587002BF413 /* BMKPolygonView.h */,
				3CAFE22018C06587002BF413 /* BMKPolyline.h */,
				3CAFE22118C06587002BF413 /* BMKPolylineView.h */,
				3CAFE22218C06587002BF413 /* BMKRouteSearchType.h */,
				3CAFE22318C06587002BF413 /* BMKSearch.h */,
				3CAFE22418C06587002BF413 /* BMKShape.h */,
				3CAFE22518C06587002BF413 /* BMKTypes.h */,
				3CAFE22618C06587002BF413 /* BMKUserLocation.h */,
				3CAFE22718C06587002BF413 /* BMKVersion.h */,
			);
			path = inc;
			sourceTree = "<group>";
		};
		3CAFE22D18C06587002BF413 /* gtmbase64 */ = {
			isa = PBXGroup;
			children = (
				3CAFE22E18C06587002BF413 /* GTMBase64.h */,
				3CAFE22F18C06587002BF413 /* GTMBase64.m */,
				3CAFE23018C06587002BF413 /* GTMDefines.h */,
			);
			path = gtmbase64;
			sourceTree = "<group>";
		};
		3CAFE23118C06587002BF413 /* JSON */ = {
			isa = PBXGroup;
			children = (
				3CAFE23218C06587002BF413 /* JSON.h */,
				3CAFE23318C06587002BF413 /* NSObject+SBJSON.h */,
				3CAFE23418C06587002BF413 /* NSString+SBJSON.h */,
				3CAFE23518C06587002BF413 /* SBJSON.h */,
				3CAFE23618C06587002BF413 /* SBJsonBase.h */,
				3CAFE23718C06587002BF413 /* SBJsonParser.h */,
				3CAFE23818C06587002BF413 /* SBJsonWriter.h */,
			);
			path = JSON;
			sourceTree = "<group>";
		};
		3CAFE24818C06587002BF413 /* SDWebImage */ = {
			isa = PBXGroup;
			children = (
				3CAFE24918C06587002BF413 /* MKAnnotationView+WebCache.h */,
				3CAFE24A18C06587002BF413 /* SDImageCache.h */,
				3CAFE24B18C06587002BF413 /* SDImageCacheDelegate.h */,
				3CAFE24C18C06587002BF413 /* SDWebImageCompat.h */,
				3CAFE24D18C06587002BF413 /* SDWebImageDecoder.h */,
				3CAFE24E18C06587002BF413 /* SDWebImageDownloader.h */,
				3CAFE24F18C06587002BF413 /* SDWebImageDownloaderDelegate.h */,
				3CAFE25018C06587002BF413 /* SDWebImageManager.h */,
				3CAFE25118C06587002BF413 /* SDWebImageManagerDelegate.h */,
				3CAFE25218C06587002BF413 /* SDWebImagePrefetcher.h */,
				3CAFE25318C06587002BF413 /* UIButton+WebCache.h */,
				3CAFE25418C06587002BF413 /* UIImageView+WebCache.h */,
			);
			path = SDWebImage;
			sourceTree = "<group>";
		};
/* End PBXGroup section */

/* Begin PBXNativeTarget section */
		3C0EE61D18C0406F00727E3E /* uexBaiduMap */ = {
			isa = PBXNativeTarget;
			buildConfigurationList = 3C0EE64118C0406F00727E3E /* Build configuration list for PBXNativeTarget "uexBaiduMap" */;
			buildPhases = (
				3C0EE61A18C0406F00727E3E /* Sources */,
				3C0EE61B18C0406F00727E3E /* Frameworks */,
				3C0EE61C18C0406F00727E3E /* CopyFiles */,
			);
			buildRules = (
			);
			dependencies = (
			);
			name = uexBaiduMap;
			productName = uexBaiduMap;
			productReference = 3C0EE61E18C0406F00727E3E /* uexBaiduMap.dylib */;
			productType = "com.apple.product-type.library.dynamic";
		};
/* End PBXNativeTarget section */

/* Begin PBXProject section */
		3C0EE61618C0406F00727E3E /* Project object */ = {
			isa = PBXProject;
			attributes = {
				LastUpgradeCheck = 0500;
				ORGANIZATIONNAME = demo;
			};
			buildConfigurationList = 3C0EE61918C0406F00727E3E /* Build configuration list for PBXProject "uexBaiduMap" */;
			compatibilityVersion = "Xcode 3.2";
			developmentRegion = English;
			hasScannedForEncodings = 0;
			knownRegions = (
				en,
			);
			mainGroup = 3C0EE61518C0406F00727E3E;
			productRefGroup = 3C0EE61F18C0406F00727E3E /* Products */;
			projectDirPath = "";
			projectRoot = "";
			targets = (
				3C0EE61D18C0406F00727E3E /* uexBaiduMap */,
			);
		};
/* End PBXProject section */

/* Begin PBXSourcesBuildPhase section */
		3C0EE61A18C0406F00727E3E /* Sources */ = {
			isa = PBXSourcesBuildPhase;
			buildActionMask = 2147483647;
			files = (
				3CAFE26218C06587002BF413 /* UIImage+InternalMethod.m in Sources */,
				3CAFE25B18C06587002BF413 /* KYBubbleView.m in Sources */,
				3CAFE26018C06587002BF413 /* NKBMKOverlayView.m in Sources */,
				3CAFE25918C06587002BF413 /* BMKAnnotationView+WebCache.m in Sources */,
				3CAFE25E18C06587002BF413 /* NBMKPolygonView.m in Sources */,
				3CAFE25C18C06587002BF413 /* MyAnnotationPoint.m in Sources */,
				3CAFE25F18C06587002BF413 /* NBMKPolylineView.m in Sources */,
				3CAFE25A18C06587002BF413 /* GTMBase64.m in Sources */,
				3CAFE25D18C06587002BF413 /* NBMKCircleView.m in Sources */,
				FC665F9E18E55B650021254F /* SuggestionSearchObj.m in Sources */,
				3CAFE26118C06587002BF413 /* RouteAnnotation.m in Sources */,
				3CAFE25718C06587002BF413 /* EUExBaiduMap.mm in Sources */,
			);
			runOnlyForDeploymentPostprocessing = 0;
		};
/* End PBXSourcesBuildPhase section */

/* Begin XCBuildConfiguration section */
		3C0EE63F18C0406F00727E3E /* Debug */ = {
			isa = XCBuildConfiguration;
			buildSettings = {
				ALWAYS_SEARCH_USER_PATHS = NO;
				ARCHS = "$(ARCHS_STANDARD)";
				CLANG_CXX_LANGUAGE_STANDARD = "gnu++0x";
				CLANG_CXX_LIBRARY = "libc++";
				CLANG_ENABLE_MODULES = YES;
				CLANG_ENABLE_OBJC_ARC = YES;
				CLANG_WARN_BOOL_CONVERSION = YES;
				CLANG_WARN_CONSTANT_CONVERSION = YES;
				CLANG_WARN_DIRECT_OBJC_ISA_USAGE = YES_ERROR;
				CLANG_WARN_EMPTY_BODY = YES;
				CLANG_WARN_ENUM_CONVERSION = YES;
				CLANG_WARN_INT_CONVERSION = YES;
				CLANG_WARN_OBJC_ROOT_CLASS = YES_ERROR;
				CLANG_WARN__DUPLICATE_METHOD_MATCH = YES;
				CODE_SIGN_IDENTITY = "iPhone Distribution: Zhengyi Wireless(Beijing) Technology Co., Ltd.";
				COPY_PHASE_STRIP = NO;
				GCC_C_LANGUAGE_STANDARD = gnu99;
				GCC_DYNAMIC_NO_PIC = NO;
				GCC_OPTIMIZATION_LEVEL = 0;
				GCC_PREPROCESSOR_DEFINITIONS = (
					"DEBUG=1",
					"$(inherited)",
				);
				GCC_SYMBOLS_PRIVATE_EXTERN = NO;
				GCC_WARN_64_TO_32_BIT_CONVERSION = YES;
				GCC_WARN_ABOUT_RETURN_TYPE = YES_ERROR;
				GCC_WARN_UNDECLARED_SELECTOR = YES;
				GCC_WARN_UNINITIALIZED_AUTOS = YES;
				GCC_WARN_UNUSED_FUNCTION = YES;
				GCC_WARN_UNUSED_VARIABLE = YES;
				IPHONEOS_DEPLOYMENT_TARGET = 5.0;
				ONLY_ACTIVE_ARCH = NO;
				PROVISIONING_PROFILE = "5871EB7A-307E-49B8-9619-704AB2FDAC51";
				SDKROOT = iphoneos;
				VALID_ARCHS = "armv7 armv7s";
			};
			name = Debug;
		};
		3C0EE64018C0406F00727E3E /* Release */ = {
			isa = XCBuildConfiguration;
			buildSettings = {
				ALWAYS_SEARCH_USER_PATHS = NO;
				ARCHS = "$(ARCHS_STANDARD)";
				CLANG_CXX_LANGUAGE_STANDARD = "gnu++0x";
				CLANG_CXX_LIBRARY = "libc++";
				CLANG_ENABLE_MODULES = YES;
				CLANG_ENABLE_OBJC_ARC = YES;
				CLANG_WARN_BOOL_CONVERSION = YES;
				CLANG_WARN_CONSTANT_CONVERSION = YES;
				CLANG_WARN_DIRECT_OBJC_ISA_USAGE = YES_ERROR;
				CLANG_WARN_EMPTY_BODY = YES;
				CLANG_WARN_ENUM_CONVERSION = YES;
				CLANG_WARN_INT_CONVERSION = YES;
				CLANG_WARN_OBJC_ROOT_CLASS = YES_ERROR;
				CLANG_WARN__DUPLICATE_METHOD_MATCH = YES;
				CODE_SIGN_IDENTITY = "iPhone Distribution: Zhengyi Wireless(Beijing) Technology Co., Ltd.";
				COPY_PHASE_STRIP = YES;
				ENABLE_NS_ASSERTIONS = NO;
				GCC_C_LANGUAGE_STANDARD = gnu99;
				GCC_WARN_64_TO_32_BIT_CONVERSION = YES;
				GCC_WARN_ABOUT_RETURN_TYPE = YES_ERROR;
				GCC_WARN_UNDECLARED_SELECTOR = YES;
				GCC_WARN_UNINITIALIZED_AUTOS = YES;
				GCC_WARN_UNUSED_FUNCTION = YES;
				GCC_WARN_UNUSED_VARIABLE = YES;
				IPHONEOS_DEPLOYMENT_TARGET = 5.0;
				PROVISIONING_PROFILE = "5871EB7A-307E-49B8-9619-704AB2FDAC51";
				SDKROOT = iphoneos;
				VALIDATE_PRODUCT = YES;
				VALID_ARCHS = "armv7 armv7s";
			};
			name = Release;
		};
		3C0EE64218C0406F00727E3E /* Debug */ = {
			isa = XCBuildConfiguration;
			buildSettings = {
				ARCHS = "$(ARCHS_STANDARD)";
				CODE_SIGN_IDENTITY = "iPhone Developer: Wang GuoChun (GJL3LN9D59)";
				CONFIGURATION_BUILD_DIR = "$(SRCROOT)/uexBaiduMap/";
				DEBUG_INFORMATION_FORMAT = dwarf;
				DSTROOT = /tmp/uexBaiduMap.dst;
				GCC_PRECOMPILE_PREFIX_HEADER = YES;
				GCC_PREFIX_HEADER = "EUExBaiduMap/EUExBaiduMap-Prefix.pch";
				IPHONEOS_DEPLOYMENT_TARGET = 5.0;
				LIBRARY_SEARCH_PATHS = (
					"$(inherited)",
					"$(SRCROOT)/EUExBaiduMap/sourceCode/BaiduSdk",
					"$(SRCROOT)/../",
				);
				ONLY_ACTIVE_ARCH = NO;
				OTHER_LDFLAGS = "-ObjC";
				PRODUCT_NAME = "$(TARGET_NAME)";
				PROVISIONING_PROFILE = "";
				SKIP_INSTALL = YES;
				VALID_ARCHS = "armv7 armv7s";
			};
			name = Debug;
		};
		3C0EE64318C0406F00727E3E /* Release */ = {
			isa = XCBuildConfiguration;
			buildSettings = {
				ARCHS = "$(ARCHS_STANDARD)";
				CODE_SIGN_IDENTITY = "iPhone Developer: Wang GuoChun (GJL3LN9D59)";
				CONFIGURATION_BUILD_DIR = "$(SRCROOT)/uexBaiduMap/";
				DEBUG_INFORMATION_FORMAT = dwarf;
				DSTROOT = /tmp/uexBaiduMap.dst;
				GCC_PRECOMPILE_PREFIX_HEADER = YES;
				GCC_PREFIX_HEADER = "EUExBaiduMap/EUExBaiduMap-Prefix.pch";
				IPHONEOS_DEPLOYMENT_TARGET = 5.0;
				LIBRARY_SEARCH_PATHS = (
					"$(inherited)",
					"$(SRCROOT)/EUExBaiduMap/sourceCode/BaiduSdk",
					"$(SRCROOT)/../",
				);
				OTHER_LDFLAGS = "-ObjC";
				PRODUCT_NAME = "$(TARGET_NAME)";
				PROVISIONING_PROFILE = "";
				SKIP_INSTALL = YES;
				VALID_ARCHS = "armv7 armv7s";
			};
			name = Release;
		};
/* End XCBuildConfiguration section */

/* Begin XCConfigurationList section */
		3C0EE61918C0406F00727E3E /* Build configuration list for PBXProject "uexBaiduMap" */ = {
			isa = XCConfigurationList;
			buildConfigurations = (
				3C0EE63F18C0406F00727E3E /* Debug */,
				3C0EE64018C0406F00727E3E /* Release */,
			);
			defaultConfigurationIsVisible = 0;
			defaultConfigurationName = Release;
		};
		3C0EE64118C0406F00727E3E /* Build configuration list for PBXNativeTarget "uexBaiduMap" */ = {
			isa = XCConfigurationList;
			buildConfigurations = (
				3C0EE64218C0406F00727E3E /* Debug */,
				3C0EE64318C0406F00727E3E /* Release */,
			);
			defaultConfigurationIsVisible = 0;
			defaultConfigurationName = Release;
		};
/* End XCConfigurationList section */
	};
	rootObject = 3C0EE61618C0406F00727E3E /* Project object */;
}
